
Microsoft Visual Studio Solution File, Format Version 12.00
# Visual Studio Version 16
VisualStudioVersion = 16.0.34031.81
MinimumVisualStudioVersion = 10.0.40219.1
Project("{FAE04EC0-301F-11D3-BF4B-00C04F79EFBC}") = "WebBanNuocHoa", "WebBanNuocHoa\WebBanNuocHoa.csproj", "{DA4800EB-6298-4181-AEF8-713C3ECDB210}"
EndProject
Global
	GlobalSection(SolutionConfigurationPlatforms) = preSolution
		Debug|Any CPU = Debug|Any CPU
		Release|Any CPU = Release|Any CPU
	EndGlobalSection
	GlobalSection(ProjectConfigurationPlatforms) = postSolution
		{DA4800EB-6298-4181-AEF8-713C3ECDB210}.Debug|Any CPU.ActiveCfg = Debug|Any CPU
		{DA4800EB-6298-4181-AEF8-713C3ECDB210}.Debug|Any CPU.Build.0 = Debug|Any CPU
		{DA4800EB-6298-4181-AEF8-713C3ECDB210}.Release|Any CPU.ActiveCfg = Release|Any CPU
		{DA4800EB-6298-4181-AEF8-713C3ECDB210}.Release|Any CPU.Build.0 = Release|Any CPU
	EndGlobalSection
	GlobalSection(SolutionProperties) = preSolution
		HideSolutionNode = FALSE
	EndGlobalSection
	GlobalSection(ExtensibilityGlobals) = postSolution
		SolutionGuid = {02B46D55-1CC0-423F-84F6-2A784C0B7A4E}
	EndGlobalSection
EndGlobal
